{
  "name": "prosemirror-highlightjs",
  "version": "1.0.0",
  "lockfileVersion": 1,
  "requires": true,
  "dependencies": {
    "highlight.js": {
      "version": "10.0.3",
      "resolved": "https://registry.npmjs.org/highlight.js/-/highlight.js-10.0.3.tgz",
      "integrity": "sha512-9FG7SSzv9yOY5CGGxfI6NDm7xLYtMOjKtPBxw7Zff3t5UcRcUNTGEeS8lNjhceL34KeetLMoGMFTGoaa83HwyQ=="
    },
    "orderedmap": {
      "version": "1.1.1",
      "resolved": "https://registry.npmjs.org/orderedmap/-/orderedmap-1.1.1.tgz",
      "integrity": "sha512-3Ux8um0zXbVacKUkcytc0u3HgC0b0bBLT+I60r2J/En72cI0nZffqrA7Xtf2Hqs27j1g82llR5Mhbd0Z1XW4AQ=="
    },
    "prosemirror-model": {
      "version": "1.10.0",
      "resolved": "https://registry.npmjs.org/prosemirror-model/-/prosemirror-model-1.10.0.tgz",
      "integrity": "sha512-xTMbbO2q4abs5lJdeRvk/SrftNfZlMdvChKziTiK+OKtP8LkQI8uw39u4S5zqyflrmW3Or6+qnyFPf1p4v2u1g==",
      "requires": {
        "orderedmap": "^1.1.0"
      }
    },
    "prosemirror-state": {
      "version": "1.3.3",
      "resolved": "https://registry.npmjs.org/prosemirror-state/-/prosemirror-state-1.3.3.tgz",
      "integrity": "sha512-PLXh2VJsIgvlgSTH6I2Yg6vk1CzPDp21DFreVpQtDMY2S6WaMmrQgDTLRcsrD8X38v8Yc873H7+ogdGzyIPn+w==",
      "requires": {
        "prosemirror-model": "^1.0.0",
        "prosemirror-transform": "^1.0.0"
      }
    },
    "prosemirror-transform": {
      "version": "1.2.5",
      "resolved": "https://registry.npmjs.org/prosemirror-transform/-/prosemirror-transform-1.2.5.tgz",
      "integrity": "sha512-eqeIaxWtUfOnpA1ERrXCuSIMzqIJtL9Qrs5uJMCjY5RMSaH5o4pc390SAjn/IDPeIlw6auh0hCCXs3wRvGnQug==",
      "requires": {
        "prosemirror-model": "^1.0.0"
      }
    },
    "prosemirror-view": {
      "version": "1.14.13",
      "resolved": "https://registry.npmjs.org/prosemirror-view/-/prosemirror-view-1.14.13.tgz",
      "integrity": "sha512-UmAAi72eHApZ6KMklUTORc9FkmGXyeI+rWtqxqZ+6V4vs6K6spbOVozQChKmtVL2EjQlOILvJIJdWKWu0Hkvpw==",
      "requires": {
        "prosemirror-model": "^1.1.0",
        "prosemirror-state": "^1.0.0",
        "prosemirror-transform": "^1.1.0"
      }
    }
  }
}
